
Microsoft Visual Studio Solution File, Format Version 12.00
# Visual Studio 15
VisualStudioVersion = 15.0.27703.2026
MinimumVisualStudioVersion = 10.0.40219.1
Project("{FAE04EC0-301F-11D3-BF4B-00C04F79EFBC}") = "TSExample", "TSExample\TSExample.csproj", "{FC3249AE-026E-4822-9E32-5E4EDD18DC6C}"
EndProject
Global
	GlobalSection(SolutionConfigurationPlatforms) = preSolution
		Debug|Any CPU = Debug|Any CPU
		Release|Any CPU = Release|Any CPU
	EndGlobalSection
	GlobalSection(ProjectConfigurationPlatforms) = postSolution
		{FC3249AE-026E-4822-9E32-5E4EDD18DC6C}.Debug|Any CPU.ActiveCfg = Debug|Any CPU
		{FC3249AE-026E-4822-9E32-5E4EDD18DC6C}.Debug|Any CPU.Build.0 = Debug|Any CPU
		{FC3249AE-026E-4822-9E32-5E4EDD18DC6C}.Release|Any CPU.ActiveCfg = Release|Any CPU
		{FC3249AE-026E-4822-9E32-5E4EDD18DC6C}.Release|Any CPU.Build.0 = Release|Any CPU
	EndGlobalSection
	GlobalSection(SolutionProperties) = preSolution
		HideSolutionNode = FALSE
	EndGlobalSection
	GlobalSection(ExtensibilityGlobals) = postSolution
		SolutionGuid = {5DA07677-C8B6-4CE5-B694-B72003E45895}
	EndGlobalSection
EndGlobal
